
Microsoft Visual Studio Solution File, Format Version 12.00
# Visual Studio 2013
VisualStudioVersion = 12.0.21005.1
MinimumVisualStudioVersion = 10.0.40219.1
Project("{FAE04EC0-301F-11D3-BF4B-00C04F79EFBC}") = "VideoTracker", "VideoTracker.csproj", "{E6B5426C-9820-4756-B183-94AFE46F34E9}"
EndProject
Project("{54435603-DBB4-11D2-8724-00A0C9A8B90C}") = "VideoTrackerInstaller", "VideoTrackerInstaller\VideoTrackerInstaller.vdproj", "{625AD8FA-479A-4FA8-B17F-EAD4A38AFC31}"
EndProject
Global
	GlobalSection(SolutionConfigurationPlatforms) = preSolution
		Debug|Any CPU = Debug|Any CPU
		Release|Any CPU = Release|Any CPU
	EndGlobalSection
	GlobalSection(ProjectConfigurationPlatforms) = postSolution
		{E6B5426C-9820-4756-B183-94AFE46F34E9}.Debug|Any CPU.ActiveCfg = Debug|Any CPU
		{E6B5426C-9820-4756-B183-94AFE46F34E9}.Debug|Any CPU.Build.0 = Debug|Any CPU
		{E6B5426C-9820-4756-B183-94AFE46F34E9}.Release|Any CPU.ActiveCfg = Release|Any CPU
		{E6B5426C-9820-4756-B183-94AFE46F34E9}.Release|Any CPU.Build.0 = Release|Any CPU
		{625AD8FA-479A-4FA8-B17F-EAD4A38AFC31}.Debug|Any CPU.ActiveCfg = Debug
		{625AD8FA-479A-4FA8-B17F-EAD4A38AFC31}.Debug|Any CPU.Build.0 = Debug
		{625AD8FA-479A-4FA8-B17F-EAD4A38AFC31}.Release|Any CPU.ActiveCfg = Release
		{625AD8FA-479A-4FA8-B17F-EAD4A38AFC31}.Release|Any CPU.Build.0 = Release
	EndGlobalSection
	GlobalSection(SolutionProperties) = preSolution
		HideSolutionNode = FALSE
	EndGlobalSection
EndGlobal
