
Microsoft Visual Studio Solution File, Format Version 12.00
# Visual Studio 2013
VisualStudioVersion = 12.0.21005.1
MinimumVisualStudioVersion = 10.0.40219.1
Project("{FAE04EC0-301F-11D3-BF4B-00C04F79EFBC}") = "VideoTracker", "VideoTracker\VideoTracker.csproj", "{5E5E5DB4-DF8E-44FE-A452-71582CC17A7A}"
	ProjectSection(ProjectDependencies) = postProject
		{CAE0CF02-4CE7-4D8C-894B-1233B1DC74AF} = {CAE0CF02-4CE7-4D8C-894B-1233B1DC74AF}
	EndProjectSection
EndProject
Project("{FAE04EC0-301F-11D3-BF4B-00C04F79EFBC}") = "VideoTrackerLib", "VideoTrackerLib\VideoTrackerLib.csproj", "{CAE0CF02-4CE7-4D8C-894B-1233B1DC74AF}"
EndProject
Project("{54435603-DBB4-11D2-8724-00A0C9A8B90C}") = "VideoTrackerInstaller", "VideoTrackerInstaller\VideoTrackerInstaller.vdproj", "{4A682808-7335-40B2-BB49-63FD97580429}"
	ProjectSection(ProjectDependencies) = postProject
		{CAE0CF02-4CE7-4D8C-894B-1233B1DC74AF} = {CAE0CF02-4CE7-4D8C-894B-1233B1DC74AF}
		{5E5E5DB4-DF8E-44FE-A452-71582CC17A7A} = {5E5E5DB4-DF8E-44FE-A452-71582CC17A7A}
	EndProjectSection
EndProject
Project("{888888A0-9F3D-457C-B088-3A5042F75D52}") = "Plugins", "Plugins\Plugins.pyproj", "{1F1D6332-9264-4C8A-B320-3B923797466A}"
EndProject
Project("{2150E333-8FDC-42A3-9474-1A3956D46DE8}") = "Solution Items", "Solution Items", "{02334D65-5170-42CC-B0E2-D70AB77F76BD}"
	ProjectSection(SolutionItems) = preProject
		!Readme.txt = !Readme.txt
		.gitignore = .gitignore
		VideoTracker\Properties\AssemblyInfo.cs = VideoTracker\Properties\AssemblyInfo.cs
	EndProjectSection
EndProject
Global
	GlobalSection(SolutionConfigurationPlatforms) = preSolution
		Debug|Any CPU = Debug|Any CPU
		Release|Any CPU = Release|Any CPU
	EndGlobalSection
	GlobalSection(ProjectConfigurationPlatforms) = postSolution
		{5E5E5DB4-DF8E-44FE-A452-71582CC17A7A}.Debug|Any CPU.ActiveCfg = Debug|Any CPU
		{5E5E5DB4-DF8E-44FE-A452-71582CC17A7A}.Debug|Any CPU.Build.0 = Debug|Any CPU
		{5E5E5DB4-DF8E-44FE-A452-71582CC17A7A}.Release|Any CPU.ActiveCfg = Release|Any CPU
		{5E5E5DB4-DF8E-44FE-A452-71582CC17A7A}.Release|Any CPU.Build.0 = Release|Any CPU
		{CAE0CF02-4CE7-4D8C-894B-1233B1DC74AF}.Debug|Any CPU.ActiveCfg = Debug|Any CPU
		{CAE0CF02-4CE7-4D8C-894B-1233B1DC74AF}.Debug|Any CPU.Build.0 = Debug|Any CPU
		{CAE0CF02-4CE7-4D8C-894B-1233B1DC74AF}.Release|Any CPU.ActiveCfg = Release|Any CPU
		{CAE0CF02-4CE7-4D8C-894B-1233B1DC74AF}.Release|Any CPU.Build.0 = Release|Any CPU
		{4A682808-7335-40B2-BB49-63FD97580429}.Debug|Any CPU.ActiveCfg = Debug
		{4A682808-7335-40B2-BB49-63FD97580429}.Debug|Any CPU.Build.0 = Debug
		{4A682808-7335-40B2-BB49-63FD97580429}.Release|Any CPU.ActiveCfg = Release
		{4A682808-7335-40B2-BB49-63FD97580429}.Release|Any CPU.Build.0 = Release
		{1F1D6332-9264-4C8A-B320-3B923797466A}.Debug|Any CPU.ActiveCfg = Debug|Any CPU
		{1F1D6332-9264-4C8A-B320-3B923797466A}.Release|Any CPU.ActiveCfg = Release|Any CPU
	EndGlobalSection
	GlobalSection(SolutionProperties) = preSolution
		HideSolutionNode = FALSE
	EndGlobalSection
EndGlobal
